// !$*UTF8*$!
{
	archiveVersion = 1;
	classes = {
	};
	objectVersion = 56;
	objects = {

/* Begin PBXBuildFile section */
		391613F72B14F040002267B7 /* HomeCollectionViewCell.swift in Sources */ = {isa = PBXBuildFile; fileRef = 391613F62B14F040002267B7 /* HomeCollectionViewCell.swift */; };
		391613FF2B16562B002267B7 /* ItemsCollectionViewCell.swift in Sources */ = {isa = PBXBuildFile; fileRef = 391613FE2B16562B002267B7 /* ItemsCollectionViewCell.swift */; };
		3918981B2B1A091F00ECF515 /* SettingsViewController.swift in Sources */ = {isa = PBXBuildFile; fileRef = 3918981A2B1A091F00ECF515 /* SettingsViewController.swift */; };
		392FFB9A2B2B2BA9001BFFC4 /* SettingsTableViewCell.swift in Sources */ = {isa = PBXBuildFile; fileRef = 392FFB992B2B2BA9001BFFC4 /* SettingsTableViewCell.swift */; };
		3938C5952B40B81800BD63B3 /* InvitingViewController.swift in Sources */ = {isa = PBXBuildFile; fileRef = 3938C5942B40B81800BD63B3 /* InvitingViewController.swift */; };
		3938C5972B40B87200BD63B3 /* AboutViewController.swift in Sources */ = {isa = PBXBuildFile; fileRef = 3938C5962B40B87200BD63B3 /* AboutViewController.swift */; };
		394B50382B05EEF200695DFE /* AppDelegate.swift in Sources */ = {isa = PBXBuildFile; fileRef = 394B50372B05EEF200695DFE /* AppDelegate.swift */; };
		394B503A2B05EEF200695DFE /* SceneDelegate.swift in Sources */ = {isa = PBXBuildFile; fileRef = 394B50392B05EEF200695DFE /* SceneDelegate.swift */; };
		394B503C2B05EEF200695DFE /* ViewController.swift in Sources */ = {isa = PBXBuildFile; fileRef = 394B503B2B05EEF200695DFE /* ViewController.swift */; };
		394B50412B05EEF300695DFE /* Assets.xcassets in Resources */ = {isa = PBXBuildFile; fileRef = 394B50402B05EEF300695DFE /* Assets.xcassets */; };
		394B50442B05EEF300695DFE /* LaunchScreen.storyboard in Resources */ = {isa = PBXBuildFile; fileRef = 394B50422B05EEF300695DFE /* LaunchScreen.storyboard */; };
		394B504D2B05EF5200695DFE /* SnapKit in Frameworks */ = {isa = PBXBuildFile; productRef = 394B504C2B05EF5200695DFE /* SnapKit */; };
		39B1B47A2B122F320046CC1E /* TabBarController.swift in Sources */ = {isa = PBXBuildFile; fileRef = 39B1B4792B122F320046CC1E /* TabBarController.swift */; };
		39B1B47C2B1236900046CC1E /* ShopViewController.swift in Sources */ = {isa = PBXBuildFile; fileRef = 39B1B47B2B1236900046CC1E /* ShopViewController.swift */; };
		39B1B47E2B12369F0046CC1E /* MessageViewController.swift in Sources */ = {isa = PBXBuildFile; fileRef = 39B1B47D2B12369F0046CC1E /* MessageViewController.swift */; };
		39B1B4802B1236AB0046CC1E /* ProfileViewController.swift in Sources */ = {isa = PBXBuildFile; fileRef = 39B1B47F2B1236AB0046CC1E /* ProfileViewController.swift */; };
		39B1B4842B1253BD0046CC1E /* MessageTableViewCell.swift in Sources */ = {isa = PBXBuildFile; fileRef = 39B1B4832B1253BD0046CC1E /* MessageTableViewCell.swift */; };
/* End PBXBuildFile section */

/* Begin PBXFileReference section */
		391613F62B14F040002267B7 /* HomeCollectionViewCell.swift */ = {isa = PBXFileReference; lastKnownFileType = sourcecode.swift; path = HomeCollectionViewCell.swift; sourceTree = "<group>"; };
		391613FE2B16562B002267B7 /* ItemsCollectionViewCell.swift */ = {isa = PBXFileReference; lastKnownFileType = sourcecode.swift; path = ItemsCollectionViewCell.swift; sourceTree = "<group>"; };
		3918981A2B1A091F00ECF515 /* SettingsViewController.swift */ = {isa = PBXFileReference; lastKnownFileType = sourcecode.swift; path = SettingsViewController.swift; sourceTree = "<group>"; };
		392FFB992B2B2BA9001BFFC4 /* SettingsTableViewCell.swift */ = {isa = PBXFileReference; lastKnownFileType = sourcecode.swift; path = SettingsTableViewCell.swift; sourceTree = "<group>"; };
		3938C5942B40B81800BD63B3 /* InvitingViewController.swift */ = {isa = PBXFileReference; lastKnownFileType = sourcecode.swift; path = InvitingViewController.swift; sourceTree = "<group>"; };
		3938C5962B40B87200BD63B3 /* AboutViewController.swift */ = {isa = PBXFileReference; lastKnownFileType = sourcecode.swift; path = AboutViewController.swift; sourceTree = "<group>"; };
		394B50342B05EEF200695DFE /* Final(AlgaApp).app */ = {isa = PBXFileReference; explicitFileType = wrapper.application; includeInIndex = 0; path = "Final(AlgaApp).app"; sourceTree = BUILT_PRODUCTS_DIR; };
		394B50372B05EEF200695DFE /* AppDelegate.swift */ = {isa = PBXFileReference; lastKnownFileType = sourcecode.swift; path = AppDelegate.swift; sourceTree = "<group>"; };
		394B50392B05EEF200695DFE /* SceneDelegate.swift */ = {isa = PBXFileReference; lastKnownFileType = sourcecode.swift; path = SceneDelegate.swift; sourceTree = "<group>"; };
		394B503B2B05EEF200695DFE /* ViewController.swift */ = {isa = PBXFileReference; lastKnownFileType = sourcecode.swift; path = ViewController.swift; sourceTree = "<group>"; };
		394B50402B05EEF300695DFE /* Assets.xcassets */ = {isa = PBXFileReference; lastKnownFileType = folder.assetcatalog; path = Assets.xcassets; sourceTree = "<group>"; };
		394B50432B05EEF300695DFE /* Base */ = {isa = PBXFileReference; lastKnownFileType = file.storyboard; name = Base; path = Base.lproj/LaunchScreen.storyboard; sourceTree = "<group>"; };
		394B50452B05EEF300695DFE /* Info.plist */ = {isa = PBXFileReference; lastKnownFileType = text.plist.xml; path = Info.plist; sourceTree = "<group>"; };
		39B1B4792B122F320046CC1E /* TabBarController.swift */ = {isa = PBXFileReference; lastKnownFileType = sourcecode.swift; path = TabBarController.swift; sourceTree = "<group>"; };
		39B1B47B2B1236900046CC1E /* ShopViewController.swift */ = {isa = PBXFileReference; lastKnownFileType = sourcecode.swift; path = ShopViewController.swift; sourceTree = "<group>"; };
		39B1B47D2B12369F0046CC1E /* MessageViewController.swift */ = {isa = PBXFileReference; lastKnownFileType = sourcecode.swift; path = MessageViewController.swift; sourceTree = "<group>"; };
		39B1B47F2B1236AB0046CC1E /* ProfileViewController.swift */ = {isa = PBXFileReference; lastKnownFileType = sourcecode.swift; path = ProfileViewController.swift; sourceTree = "<group>"; };
		39B1B4832B1253BD0046CC1E /* MessageTableViewCell.swift */ = {isa = PBXFileReference; lastKnownFileType = sourcecode.swift; path = MessageTableViewCell.swift; sourceTree = "<group>"; };
/* End PBXFileReference section */

/* Begin PBXFrameworksBuildPhase section */
		394B50312B05EEF200695DFE /* Frameworks */ = {
			isa = PBXFrameworksBuildPhase;
			buildActionMask = 2147483647;
			files = (
				394B504D2B05EF5200695DFE /* SnapKit in Frameworks */,
			);
			runOnlyForDeploymentPostprocessing = 0;
		};
/* End PBXFrameworksBuildPhase section */

/* Begin PBXGroup section */
		391613FA2B164F50002267B7 /* HomePage */ = {
			isa = PBXGroup;
			children = (
				39B1B4792B122F320046CC1E /* TabBarController.swift */,
				394B503B2B05EEF200695DFE /* ViewController.swift */,
				391613F62B14F040002267B7 /* HomeCollectionViewCell.swift */,
				3938C5942B40B81800BD63B3 /* InvitingViewController.swift */,
				3938C5962B40B87200BD63B3 /* AboutViewController.swift */,
			);
			path = HomePage;
			sourceTree = "<group>";
		};
		391613FB2B164F64002267B7 /* ShopPage */ = {
			isa = PBXGroup;
			children = (
				39B1B47B2B1236900046CC1E /* ShopViewController.swift */,
				391613FE2B16562B002267B7 /* ItemsCollectionViewCell.swift */,
			);
			path = ShopPage;
			sourceTree = "<group>";
		};
		391613FC2B164F8B002267B7 /* MessagePage */ = {
			isa = PBXGroup;
			children = (
				39B1B47D2B12369F0046CC1E /* MessageViewController.swift */,
				39B1B4832B1253BD0046CC1E /* MessageTableViewCell.swift */,
			);
			path = MessagePage;
			sourceTree = "<group>";
		};
		391613FD2B164FA3002267B7 /* ProfilePage */ = {
			isa = PBXGroup;
			children = (
				39B1B47F2B1236AB0046CC1E /* ProfileViewController.swift */,
				3918981A2B1A091F00ECF515 /* SettingsViewController.swift */,
				392FFB992B2B2BA9001BFFC4 /* SettingsTableViewCell.swift */,
			);
			path = ProfilePage;
			sourceTree = "<group>";
		};
		394B502B2B05EEF200695DFE = {
			isa = PBXGroup;
			children = (
				394B50362B05EEF200695DFE /* Final(AlgaApp) */,
				394B50352B05EEF200695DFE /* Products */,
			);
			sourceTree = "<group>";
		};
		394B50352B05EEF200695DFE /* Products */ = {
			isa = PBXGroup;
			children = (
				394B50342B05EEF200695DFE /* Final(AlgaApp).app */,
			);
			name = Products;
			sourceTree = "<group>";
		};
		394B50362B05EEF200695DFE /* Final(AlgaApp) */ = {
			isa = PBXGroup;
			children = (
				391613FA2B164F50002267B7 /* HomePage */,
				391613FB2B164F64002267B7 /* ShopPage */,
				391613FC2B164F8B002267B7 /* MessagePage */,
				391613FD2B164FA3002267B7 /* ProfilePage */,
				39B1B4782B122ED00046CC1E /* Supporting */,
				394B50452B05EEF300695DFE /* Info.plist */,
			);
			path = "Final(AlgaApp)";
			sourceTree = "<group>";
		};
		39B1B4782B122ED00046CC1E /* Supporting */ = {
			isa = PBXGroup;
			children = (
				394B50372B05EEF200695DFE /* AppDelegate.swift */,
				394B50392B05EEF200695DFE /* SceneDelegate.swift */,
				394B50402B05EEF300695DFE /* Assets.xcassets */,
				394B50422B05EEF300695DFE /* LaunchScreen.storyboard */,
			);
			path = Supporting;
			sourceTree = "<group>";
		};
/* End PBXGroup section */

/* Begin PBXNativeTarget section */
		394B50332B05EEF200695DFE /* Final(AlgaApp) */ = {
			isa = PBXNativeTarget;
			buildConfigurationList = 394B50482B05EEF300695DFE /* Build configuration list for PBXNativeTarget "Final(AlgaApp)" */;
			buildPhases = (
				394B50302B05EEF200695DFE /* Sources */,
				394B50312B05EEF200695DFE /* Frameworks */,
				394B50322B05EEF200695DFE /* Resources */,
			);
			buildRules = (
			);
			dependencies = (
			);
			name = "Final(AlgaApp)";
			packageProductDependencies = (
				394B504C2B05EF5200695DFE /* SnapKit */,
			);
			productName = "Final(AlgaApp)";
			productReference = 394B50342B05EEF200695DFE /* Final(AlgaApp).app */;
			productType = "com.apple.product-type.application";
		};
/* End PBXNativeTarget section */

/* Begin PBXProject section */
		394B502C2B05EEF200695DFE /* Project object */ = {
			isa = PBXProject;
			attributes = {
				BuildIndependentTargetsInParallel = 1;
				LastSwiftUpdateCheck = 1500;
				LastUpgradeCheck = 1500;
				TargetAttributes = {
					394B50332B05EEF200695DFE = {
						CreatedOnToolsVersion = 15.0.1;
					};
				};
			};
			buildConfigurationList = 394B502F2B05EEF200695DFE /* Build configuration list for PBXProject "Final(AlgaApp)" */;
			compatibilityVersion = "Xcode 14.0";
			developmentRegion = en;
			hasScannedForEncodings = 0;
			knownRegions = (
				en,
				Base,
			);
			mainGroup = 394B502B2B05EEF200695DFE;
			packageReferences = (
				394B504B2B05EF5200695DFE /* XCRemoteSwiftPackageReference "SnapKit" */,
			);
			productRefGroup = 394B50352B05EEF200695DFE /* Products */;
			projectDirPath = "";
			projectRoot = "";
			targets = (
				394B50332B05EEF200695DFE /* Final(AlgaApp) */,
			);
		};
/* End PBXProject section */

/* Begin PBXResourcesBuildPhase section */
		394B50322B05EEF200695DFE /* Resources */ = {
			isa = PBXResourcesBuildPhase;
			buildActionMask = 2147483647;
			files = (
				394B50442B05EEF300695DFE /* LaunchScreen.storyboard in Resources */,
				394B50412B05EEF300695DFE /* Assets.xcassets in Resources */,
			);
			runOnlyForDeploymentPostprocessing = 0;
		};
/* End PBXResourcesBuildPhase section */

/* Begin PBXSourcesBuildPhase section */
		394B50302B05EEF200695DFE /* Sources */ = {
			isa = PBXSourcesBuildPhase;
			buildActionMask = 2147483647;
			files = (
				394B503C2B05EEF200695DFE /* ViewController.swift in Sources */,
				39B1B4842B1253BD0046CC1E /* MessageTableViewCell.swift in Sources */,
				392FFB9A2B2B2BA9001BFFC4 /* SettingsTableViewCell.swift in Sources */,
				3918981B2B1A091F00ECF515 /* SettingsViewController.swift in Sources */,
				39B1B47C2B1236900046CC1E /* ShopViewController.swift in Sources */,
				391613FF2B16562B002267B7 /* ItemsCollectionViewCell.swift in Sources */,
				394B50382B05EEF200695DFE /* AppDelegate.swift in Sources */,
				39B1B47A2B122F320046CC1E /* TabBarController.swift in Sources */,
				391613F72B14F040002267B7 /* HomeCollectionViewCell.swift in Sources */,
				394B503A2B05EEF200695DFE /* SceneDelegate.swift in Sources */,
				3938C5972B40B87200BD63B3 /* AboutViewController.swift in Sources */,
				39B1B4802B1236AB0046CC1E /* ProfileViewController.swift in Sources */,
				39B1B47E2B12369F0046CC1E /* MessageViewController.swift in Sources */,
				3938C5952B40B81800BD63B3 /* InvitingViewController.swift in Sources */,
			);
			runOnlyForDeploymentPostprocessing = 0;
		};
/* End PBXSourcesBuildPhase section */

/* Begin PBXVariantGroup section */
		394B50422B05EEF300695DFE /* LaunchScreen.storyboard */ = {
			isa = PBXVariantGroup;
			children = (
				394B50432B05EEF300695DFE /* Base */,
			);
			name = LaunchScreen.storyboard;
			sourceTree = "<group>";
		};
/* End PBXVariantGroup section */

/* Begin XCBuildConfiguration section */
		394B50462B05EEF300695DFE /* Debug */ = {
			isa = XCBuildConfiguration;
			buildSettings = {
				ALWAYS_SEARCH_USER_PATHS = NO;
				ASSETCATALOG_COMPILER_GENERATE_SWIFT_ASSET_SYMBOL_EXTENSIONS = YES;
				CLANG_ANALYZER_NONNULL = YES;
				CLANG_ANALYZER_NUMBER_OBJECT_CONVERSION = YES_AGGRESSIVE;
				CLANG_CXX_LANGUAGE_STANDARD = "gnu++20";
				CLANG_ENABLE_MODULES = YES;
				CLANG_ENABLE_OBJC_ARC = YES;
				CLANG_ENABLE_OBJC_WEAK = YES;
				CLANG_WARN_BLOCK_CAPTURE_AUTORELEASING = YES;
				CLANG_WARN_BOOL_CONVERSION = YES;
				CLANG_WARN_COMMA = YES;
				CLANG_WARN_CONSTANT_CONVERSION = YES;
				CLANG_WARN_DEPRECATED_OBJC_IMPLEMENTATIONS = YES;
				CLANG_WARN_DIRECT_OBJC_ISA_USAGE = YES_ERROR;
				CLANG_WARN_DOCUMENTATION_COMMENTS = YES;
				CLANG_WARN_EMPTY_BODY = YES;
				CLANG_WARN_ENUM_CONVERSION = YES;
				CLANG_WARN_INFINITE_RECURSION = YES;
				CLANG_WARN_INT_CONVERSION = YES;
				CLANG_WARN_NON_LITERAL_NULL_CONVERSION = YES;
				CLANG_WARN_OBJC_IMPLICIT_RETAIN_SELF = YES;
				CLANG_WARN_OBJC_LITERAL_CONVERSION = YES;
				CLANG_WARN_OBJC_ROOT_CLASS = YES_ERROR;
				CLANG_WARN_QUOTED_INCLUDE_IN_FRAMEWORK_HEADER = YES;
				CLANG_WARN_RANGE_LOOP_ANALYSIS = YES;
				CLANG_WARN_STRICT_PROTOTYPES = YES;
				CLANG_WARN_SUSPICIOUS_MOVE = YES;
				CLANG_WARN_UNGUARDED_AVAILABILITY = YES_AGGRESSIVE;
				CLANG_WARN_UNREACHABLE_CODE = YES;
				CLANG_WARN__DUPLICATE_METHOD_MATCH = YES;
				COPY_PHASE_STRIP = NO;
				DEBUG_INFORMATION_FORMAT = dwarf;
				ENABLE_STRICT_OBJC_MSGSEND = YES;
				ENABLE_TESTABILITY = YES;
				ENABLE_USER_SCRIPT_SANDBOXING = YES;
				GCC_C_LANGUAGE_STANDARD = gnu17;
				GCC_DYNAMIC_NO_PIC = NO;
				GCC_NO_COMMON_BLOCKS = YES;
				GCC_OPTIMIZATION_LEVEL = 0;
				GCC_PREPROCESSOR_DEFINITIONS = (
					"DEBUG=1",
					"$(inherited)",
				);
				GCC_WARN_64_TO_32_BIT_CONVERSION = YES;
				GCC_WARN_ABOUT_RETURN_TYPE = YES_ERROR;
				GCC_WARN_UNDECLARED_SELECTOR = YES;
				GCC_WARN_UNINITIALIZED_AUTOS = YES_AGGRESSIVE;
				GCC_WARN_UNUSED_FUNCTION = YES;
				GCC_WARN_UNUSED_VARIABLE = YES;
				IPHONEOS_DEPLOYMENT_TARGET = 17.0;
				LOCALIZATION_PREFERS_STRING_CATALOGS = YES;
				MTL_ENABLE_DEBUG_INFO = INCLUDE_SOURCE;
				MTL_FAST_MATH = YES;
				ONLY_ACTIVE_ARCH = YES;
				SDKROOT = iphoneos;
				SWIFT_ACTIVE_COMPILATION_CONDITIONS = "DEBUG $(inherited)";
				SWIFT_OPTIMIZATION_LEVEL = "-Onone";
			};
			name = Debug;
		};
		394B50472B05EEF300695DFE /* Release */ = {
			isa = XCBuildConfiguration;
			buildSettings = {
				ALWAYS_SEARCH_USER_PATHS = NO;
				ASSETCATALOG_COMPILER_GENERATE_SWIFT_ASSET_SYMBOL_EXTENSIONS = YES;
				CLANG_ANALYZER_NONNULL = YES;
				CLANG_ANALYZER_NUMBER_OBJECT_CONVERSION = YES_AGGRESSIVE;
				CLANG_CXX_LANGUAGE_STANDARD = "gnu++20";
				CLANG_ENABLE_MODULES = YES;
				CLANG_ENABLE_OBJC_ARC = YES;
				CLANG_ENABLE_OBJC_WEAK = YES;
				CLANG_WARN_BLOCK_CAPTURE_AUTORELEASING = YES;
				CLANG_WARN_BOOL_CONVERSION = YES;
				CLANG_WARN_COMMA = YES;
				CLANG_WARN_CONSTANT_CONVERSION = YES;
				CLANG_WARN_DEPRECATED_OBJC_IMPLEMENTATIONS = YES;
				CLANG_WARN_DIRECT_OBJC_ISA_USAGE = YES_ERROR;
				CLANG_WARN_DOCUMENTATION_COMMENTS = YES;
				CLANG_WARN_EMPTY_BODY = YES;
				CLANG_WARN_ENUM_CONVERSION = YES;
				CLANG_WARN_INFINITE_RECURSION = YES;
				CLANG_WARN_INT_CONVERSION = YES;
				CLANG_WARN_NON_LITERAL_NULL_CONVERSION = YES;
				CLANG_WARN_OBJC_IMPLICIT_RETAIN_SELF = YES;
				CLANG_WARN_OBJC_LITERAL_CONVERSION = YES;
				CLANG_WARN_OBJC_ROOT_CLASS = YES_ERROR;
				CLANG_WARN_QUOTED_INCLUDE_IN_FRAMEWORK_HEADER = YES;
				CLANG_WARN_RANGE_LOOP_ANALYSIS = YES;
				CLANG_WARN_STRICT_PROTOTYPES = YES;
				CLANG_WARN_SUSPICIOUS_MOVE = YES;
				CLANG_WARN_UNGUARDED_AVAILABILITY = YES_AGGRESSIVE;
				CLANG_WARN_UNREACHABLE_CODE = YES;
				CLANG_WARN__DUPLICATE_METHOD_MATCH = YES;
				COPY_PHASE_STRIP = NO;
				DEBUG_INFORMATION_FORMAT = "dwarf-with-dsym";
				ENABLE_NS_ASSERTIONS = NO;
				ENABLE_STRICT_OBJC_MSGSEND = YES;
				ENABLE_USER_SCRIPT_SANDBOXING = YES;
				GCC_C_LANGUAGE_STANDARD = gnu17;
				GCC_NO_COMMON_BLOCKS = YES;
				GCC_WARN_64_TO_32_BIT_CONVERSION = YES;
				GCC_WARN_ABOUT_RETURN_TYPE = YES_ERROR;
				GCC_WARN_UNDECLARED_SELECTOR = YES;
				GCC_WARN_UNINITIALIZED_AUTOS = YES_AGGRESSIVE;
				GCC_WARN_UNUSED_FUNCTION = YES;
				GCC_WARN_UNUSED_VARIABLE = YES;
				IPHONEOS_DEPLOYMENT_TARGET = 17.0;
				LOCALIZATION_PREFERS_STRING_CATALOGS = YES;
				MTL_ENABLE_DEBUG_INFO = NO;
				MTL_FAST_MATH = YES;
				SDKROOT = iphoneos;
				SWIFT_COMPILATION_MODE = wholemodule;
				VALIDATE_PRODUCT = YES;
			};
			name = Release;
		};
		394B50492B05EEF300695DFE /* Debug */ = {
			isa = XCBuildConfiguration;
			buildSettings = {
				ASSETCATALOG_COMPILER_APPICON_NAME = AppIcon;
				ASSETCATALOG_COMPILER_GLOBAL_ACCENT_COLOR_NAME = AccentColor;
				CODE_SIGN_STYLE = Automatic;
				CURRENT_PROJECT_VERSION = 1;
				GENERATE_INFOPLIST_FILE = YES;
				INFOPLIST_FILE = "Final(AlgaApp)/Info.plist";
				INFOPLIST_KEY_UIApplicationSupportsIndirectInputEvents = YES;
				INFOPLIST_KEY_UILaunchStoryboardName = LaunchScreen;
				INFOPLIST_KEY_UIMainStoryboardFile = "";
				INFOPLIST_KEY_UISupportedInterfaceOrientations_iPad = "UIInterfaceOrientationPortrait UIInterfaceOrientationPortraitUpsideDown UIInterfaceOrientationLandscapeLeft UIInterfaceOrientationLandscapeRight";
				INFOPLIST_KEY_UISupportedInterfaceOrientations_iPhone = "UIInterfaceOrientationPortrait UIInterfaceOrientationLandscapeLeft UIInterfaceOrientationLandscapeRight";
				LD_RUNPATH_SEARCH_PATHS = (
					"$(inherited)",
					"@executable_path/Frameworks",
				);
				MARKETING_VERSION = 1.0;
				PRODUCT_BUNDLE_IDENTIFIER = "Yera.Final-AlgaApp-";
				PRODUCT_NAME = "$(TARGET_NAME)";
				SUPPORTED_PLATFORMS = "iphoneos iphonesimulator";
				SUPPORTS_MACCATALYST = NO;
				SUPPORTS_MAC_DESIGNED_FOR_IPHONE_IPAD = NO;
				SWIFT_EMIT_LOC_STRINGS = YES;
				SWIFT_VERSION = 5.0;
				TARGETED_DEVICE_FAMILY = "1,2";
			};
			name = Debug;
		};
		394B504A2B05EEF300695DFE /* Release */ = {
			isa = XCBuildConfiguration;
			buildSettings = {
				ASSETCATALOG_COMPILER_APPICON_NAME = AppIcon;
				ASSETCATALOG_COMPILER_GLOBAL_ACCENT_COLOR_NAME = AccentColor;
				CODE_SIGN_STYLE = Automatic;
				CURRENT_PROJECT_VERSION = 1;
				GENERATE_INFOPLIST_FILE = YES;
				INFOPLIST_FILE = "Final(AlgaApp)/Info.plist";
				INFOPLIST_KEY_UIApplicationSupportsIndirectInputEvents = YES;
				INFOPLIST_KEY_UILaunchStoryboardName = LaunchScreen;
				INFOPLIST_KEY_UIMainStoryboardFile = "";
				INFOPLIST_KEY_UISupportedInterfaceOrientations_iPad = "UIInterfaceOrientationPortrait UIInterfaceOrientationPortraitUpsideDown UIInterfaceOrientationLandscapeLeft UIInterfaceOrientationLandscapeRight";
				INFOPLIST_KEY_UISupportedInterfaceOrientations_iPhone = "UIInterfaceOrientationPortrait UIInterfaceOrientationLandscapeLeft UIInterfaceOrientationLandscapeRight";
				LD_RUNPATH_SEARCH_PATHS = (
					"$(inherited)",
					"@executable_path/Frameworks",
				);
				MARKETING_VERSION = 1.0;
				PRODUCT_BUNDLE_IDENTIFIER = "Yera.Final-AlgaApp-";
				PRODUCT_NAME = "$(TARGET_NAME)";
				SUPPORTED_PLATFORMS = "iphoneos iphonesimulator";
				SUPPORTS_MACCATALYST = NO;
				SUPPORTS_MAC_DESIGNED_FOR_IPHONE_IPAD = NO;
				SWIFT_EMIT_LOC_STRINGS = YES;
				SWIFT_VERSION = 5.0;
				TARGETED_DEVICE_FAMILY = "1,2";
			};
			name = Release;
		};
/* End XCBuildConfiguration section */

/* Begin XCConfigurationList section */
		394B502F2B05EEF200695DFE /* Build configuration list for PBXProject "Final(AlgaApp)" */ = {
			isa = XCConfigurationList;
			buildConfigurations = (
				394B50462B05EEF300695DFE /* Debug */,
				394B50472B05EEF300695DFE /* Release */,
			);
			defaultConfigurationIsVisible = 0;
			defaultConfigurationName = Release;
		};
		394B50482B05EEF300695DFE /* Build configuration list for PBXNativeTarget "Final(AlgaApp)" */ = {
			isa = XCConfigurationList;
			buildConfigurations = (
				394B50492B05EEF300695DFE /* Debug */,
				394B504A2B05EEF300695DFE /* Release */,
			);
			defaultConfigurationIsVisible = 0;
			defaultConfigurationName = Release;
		};
/* End XCConfigurationList section */

/* Begin XCRemoteSwiftPackageReference section */
		394B504B2B05EF5200695DFE /* XCRemoteSwiftPackageReference "SnapKit" */ = {
			isa = XCRemoteSwiftPackageReference;
			repositoryURL = "https://github.com/SnapKit/SnapKit.git";
			requirement = {
				kind = upToNextMajorVersion;
				minimumVersion = 5.6.0;
			};
		};
/* End XCRemoteSwiftPackageReference section */

/* Begin XCSwiftPackageProductDependency section */
		394B504C2B05EF5200695DFE /* SnapKit */ = {
			isa = XCSwiftPackageProductDependency;
			package = 394B504B2B05EF5200695DFE /* XCRemoteSwiftPackageReference "SnapKit" */;
			productName = SnapKit;
		};
/* End XCSwiftPackageProductDependency section */
	};
	rootObject = 394B502C2B05EEF200695DFE /* Project object */;
}
